
Microsoft Visual Studio Solution File, Format Version 12.00
# Visual Studio Version 17
VisualStudioVersion = 17.2.32616.157
MinimumVisualStudioVersion = 10.0.40219.1
Project("{9A19103F-16F7-4668-BE54-9A1E7A4F7556}") = "Examples", "Examples\Examples.csproj", "{EC78988C-A53F-4CFE-9004-255A910575BE}"
EndProject
Project("{FAE04EC0-301F-11D3-BF4B-00C04F79EFBC}") = "ShopifyGraphQL.net", "ShopifyGraphQL.net\ShopifyGraphQL.net.csproj", "{CF869FB2-FD7B-40A5-838B-EA8682FD0383}"
EndProject
Global
	GlobalSection(SolutionConfigurationPlatforms) = preSolution
		Debug|Any CPU = Debug|Any CPU
		Release|Any CPU = Release|Any CPU
	EndGlobalSection
	GlobalSection(ProjectConfigurationPlatforms) = postSolution
		{EC78988C-A53F-4CFE-9004-255A910575BE}.Debug|Any CPU.ActiveCfg = Debug|Any CPU
		{EC78988C-A53F-4CFE-9004-255A910575BE}.Debug|Any CPU.Build.0 = Debug|Any CPU
		{EC78988C-A53F-4CFE-9004-255A910575BE}.Release|Any CPU.ActiveCfg = Release|Any CPU
		{EC78988C-A53F-4CFE-9004-255A910575BE}.Release|Any CPU.Build.0 = Release|Any CPU
		{CF869FB2-FD7B-40A5-838B-EA8682FD0383}.Debug|Any CPU.ActiveCfg = Debug|Any CPU
		{CF869FB2-FD7B-40A5-838B-EA8682FD0383}.Debug|Any CPU.Build.0 = Debug|Any CPU
		{CF869FB2-FD7B-40A5-838B-EA8682FD0383}.Release|Any CPU.ActiveCfg = Release|Any CPU
		{CF869FB2-FD7B-40A5-838B-EA8682FD0383}.Release|Any CPU.Build.0 = Release|Any CPU
	EndGlobalSection
	GlobalSection(SolutionProperties) = preSolution
		HideSolutionNode = FALSE
	EndGlobalSection
	GlobalSection(ExtensibilityGlobals) = postSolution
		SolutionGuid = {30288813-ACDF-46F8-B74D-77FA3ABD5CED}
	EndGlobalSection
EndGlobal
